// !$*UTF8*$!
{
	archiveVersion = 1;
	classes = {
	};
	objectVersion = 46;
	objects = {

/* Begin PBXBuildFile section */
		4005237C1CC973B900E6DDA3 /* AppDelegate.swift in Sources */ = {isa = PBXBuildFile; fileRef = 4005237A1CC973B900E6DDA3 /* AppDelegate.swift */; };
		4005237D1CC973B900E6DDA3 /* ViewController.swift in Sources */ = {isa = PBXBuildFile; fileRef = 4005237B1CC973B900E6DDA3 /* ViewController.swift */; };
		400523801CC973C600E6DDA3 /* Assets.xcassets in Resources */ = {isa = PBXBuildFile; fileRef = 4005237F1CC973C600E6DDA3 /* Assets.xcassets */; };
		400523871CC973E100E6DDA3 /* LaunchScreen.xib in Resources */ = {isa = PBXBuildFile; fileRef = 400523831CC973E100E6DDA3 /* LaunchScreen.xib */; };
		400523881CC973E100E6DDA3 /* Main.storyboard in Resources */ = {isa = PBXBuildFile; fileRef = 400523851CC973E100E6DDA3 /* Main.storyboard */; };
		407C88111F4B2AD60077A2BC /* UIView+SimpleAnimation.swift in Sources */ = {isa = PBXBuildFile; fileRef = 407C88101F4B2AD60077A2BC /* UIView+SimpleAnimation.swift */; };
/* End PBXBuildFile section */

/* Begin PBXFileReference section */
		400523511CC7B94C00E6DDA3 /* Example.app */ = {isa = PBXFileReference; explicitFileType = wrapper.application; includeInIndex = 0; path = Example.app; sourceTree = BUILT_PRODUCTS_DIR; };
		4005237A1CC973B900E6DDA3 /* AppDelegate.swift */ = {isa = PBXFileReference; fileEncoding = 4; lastKnownFileType = sourcecode.swift; name = AppDelegate.swift; path = Source/AppDelegate.swift; sourceTree = "<group>"; };
		4005237B1CC973B900E6DDA3 /* ViewController.swift */ = {isa = PBXFileReference; fileEncoding = 4; lastKnownFileType = sourcecode.swift; name = ViewController.swift; path = Source/ViewController.swift; sourceTree = "<group>"; };
		4005237F1CC973C600E6DDA3 /* Assets.xcassets */ = {isa = PBXFileReference; lastKnownFileType = folder.assetcatalog; name = Assets.xcassets; path = Resources/Assets.xcassets; sourceTree = "<group>"; };
		400523841CC973E100E6DDA3 /* Base */ = {isa = PBXFileReference; lastKnownFileType = file.xib; name = Base; path = Resources/Base.lproj/LaunchScreen.xib; sourceTree = "<group>"; };
		400523861CC973E100E6DDA3 /* Base */ = {isa = PBXFileReference; lastKnownFileType = file.storyboard; name = Base; path = Resources/Base.lproj/Main.storyboard; sourceTree = "<group>"; };
		400523891CC973F200E6DDA3 /* Info.plist */ = {isa = PBXFileReference; fileEncoding = 4; lastKnownFileType = text.plist.xml; name = Info.plist; path = Resources/Info.plist; sourceTree = "<group>"; };
		407C88101F4B2AD60077A2BC /* UIView+SimpleAnimation.swift */ = {isa = PBXFileReference; fileEncoding = 4; lastKnownFileType = sourcecode.swift; name = "UIView+SimpleAnimation.swift"; path = "../Source/UIView+SimpleAnimation.swift"; sourceTree = "<group>"; };
/* End PBXFileReference section */

/* Begin PBXFrameworksBuildPhase section */
		4005234E1CC7B94C00E6DDA3 /* Frameworks */ = {
			isa = PBXFrameworksBuildPhase;
			buildActionMask = 2147483647;
			files = (
			);
			runOnlyForDeploymentPostprocessing = 0;
		};
/* End PBXFrameworksBuildPhase section */

/* Begin PBXGroup section */
		400523481CC7B94C00E6DDA3 = {
			isa = PBXGroup;
			children = (
				400523791CC973A900E6DDA3 /* Source */,
				4005237F1CC973C600E6DDA3 /* Assets.xcassets */,
				400523851CC973E100E6DDA3 /* Main.storyboard */,
				400523831CC973E100E6DDA3 /* LaunchScreen.xib */,
				400523891CC973F200E6DDA3 /* Info.plist */,
				400523521CC7B94C00E6DDA3 /* Products */,
			);
			sourceTree = "<group>";
		};
		400523521CC7B94C00E6DDA3 /* Products */ = {
			isa = PBXGroup;
			children = (
				400523511CC7B94C00E6DDA3 /* Example.app */,
			);
			name = Products;
			sourceTree = "<group>";
		};
		400523791CC973A900E6DDA3 /* Source */ = {
			isa = PBXGroup;
			children = (
				407C88101F4B2AD60077A2BC /* UIView+SimpleAnimation.swift */,
				4005237A1CC973B900E6DDA3 /* AppDelegate.swift */,
				4005237B1CC973B900E6DDA3 /* ViewController.swift */,
			);
			name = Source;
			sourceTree = "<group>";
		};
/* End PBXGroup section */

/* Begin PBXNativeTarget section */
		400523501CC7B94C00E6DDA3 /* Example */ = {
			isa = PBXNativeTarget;
			buildConfigurationList = 400523631CC7B94C00E6DDA3 /* Build configuration list for PBXNativeTarget "Example" */;
			buildPhases = (
				4005234D1CC7B94C00E6DDA3 /* Sources */,
				4005234E1CC7B94C00E6DDA3 /* Frameworks */,
				4005234F1CC7B94C00E6DDA3 /* Resources */,
			);
			buildRules = (
			);
			dependencies = (
			);
			name = Example;
			productName = Example;
			productReference = 400523511CC7B94C00E6DDA3 /* Example.app */;
			productType = "com.apple.product-type.application";
		};
/* End PBXNativeTarget section */

/* Begin PBXProject section */
		400523491CC7B94C00E6DDA3 /* Project object */ = {
			isa = PBXProject;
			attributes = {
				LastSwiftUpdateCheck = 0730;
				LastUpgradeCheck = 0730;
				ORGANIZATIONNAME = "Keith Ito";
				TargetAttributes = {
					400523501CC7B94C00E6DDA3 = {
						CreatedOnToolsVersion = 7.3;
						LastSwiftMigration = 0920;
					};
				};
			};
			buildConfigurationList = 4005234C1CC7B94C00E6DDA3 /* Build configuration list for PBXProject "Example" */;
			compatibilityVersion = "Xcode 3.2";
			developmentRegion = English;
			hasScannedForEncodings = 0;
			knownRegions = (
				en,
				Base,
			);
			mainGroup = 400523481CC7B94C00E6DDA3;
			productRefGroup = 400523521CC7B94C00E6DDA3 /* Products */;
			projectDirPath = "";
			projectRoot = "";
			targets = (
				400523501CC7B94C00E6DDA3 /* Example */,
			);
		};
/* End PBXProject section */

/* Begin PBXResourcesBuildPhase section */
		4005234F1CC7B94C00E6DDA3 /* Resources */ = {
			isa = PBXResourcesBuildPhase;
			buildActionMask = 2147483647;
			files = (
				400523881CC973E100E6DDA3 /* Main.storyboard in Resources */,
				400523871CC973E100E6DDA3 /* LaunchScreen.xib in Resources */,
				400523801CC973C600E6DDA3 /* Assets.xcassets in Resources */,
			);
			runOnlyForDeploymentPostprocessing = 0;
		};
/* End PBXResourcesBuildPhase section */

/* Begin PBXSourcesBuildPhase section */
		4005234D1CC7B94C00E6DDA3 /* Sources */ = {
			isa = PBXSourcesBuildPhase;
			buildActionMask = 2147483647;
			files = (
				407C88111F4B2AD60077A2BC /* UIView+SimpleAnimation.swift in Sources */,
				4005237D1CC973B900E6DDA3 /* ViewController.swift in Sources */,
				4005237C1CC973B900E6DDA3 /* AppDelegate.swift in Sources */,
			);
			runOnlyForDeploymentPostprocessing = 0;
		};
/* End PBXSourcesBuildPhase section */

/* Begin PBXVariantGroup section */
		400523831CC973E100E6DDA3 /* LaunchScreen.xib */ = {
			isa = PBXVariantGroup;
			children = (
				400523841CC973E100E6DDA3 /* Base */,
			);
			name = LaunchScreen.xib;
			sourceTree = "<group>";
		};
		400523851CC973E100E6DDA3 /* Main.storyboard */ = {
			isa = PBXVariantGroup;
			children = (
				400523861CC973E100E6DDA3 /* Base */,
			);
			name = Main.storyboard;
			sourceTree = "<group>";
		};
/* End PBXVariantGroup section */

/* Begin XCBuildConfiguration section */
		400523611CC7B94C00E6DDA3 /* Debug */ = {
			isa = XCBuildConfiguration;
			buildSettings = {
				ALWAYS_SEARCH_USER_PATHS = NO;
				CLANG_ANALYZER_NONNULL = YES;
				CLANG_CXX_LANGUAGE_STANDARD = "gnu++0x";
				CLANG_CXX_LIBRARY = "libc++";
				CLANG_ENABLE_MODULES = YES;
				CLANG_ENABLE_OBJC_ARC = YES;
				CLANG_WARN_BOOL_CONVERSION = YES;
				CLANG_WARN_CONSTANT_CONVERSION = YES;
				CLANG_WARN_DIRECT_OBJC_ISA_USAGE = YES_ERROR;
				CLANG_WARN_EMPTY_BODY = YES;
				CLANG_WARN_ENUM_CONVERSION = YES;
				CLANG_WARN_INT_CONVERSION = YES;
				CLANG_WARN_OBJC_ROOT_CLASS = YES_ERROR;
				CLANG_WARN_UNREACHABLE_CODE = YES;
				CLANG_WARN__DUPLICATE_METHOD_MATCH = YES;
				"CODE_SIGN_IDENTITY[sdk=iphoneos*]" = "iPhone Developer";
				COPY_PHASE_STRIP = NO;
				DEBUG_INFORMATION_FORMAT = dwarf;
				ENABLE_STRICT_OBJC_MSGSEND = YES;
				ENABLE_TESTABILITY = YES;
				GCC_C_LANGUAGE_STANDARD = gnu99;
				GCC_DYNAMIC_NO_PIC = NO;
				GCC_NO_COMMON_BLOCKS = YES;
				GCC_OPTIMIZATION_LEVEL = 0;
				GCC_PREPROCESSOR_DEFINITIONS = (
					"DEBUG=1",
					"$(inherited)",
				);
				GCC_WARN_64_TO_32_BIT_CONVERSION = YES;
				GCC_WARN_ABOUT_RETURN_TYPE = YES_ERROR;
				GCC_WARN_UNDECLARED_SELECTOR = YES;
				GCC_WARN_UNINITIALIZED_AUTOS = YES_AGGRESSIVE;
				GCC_WARN_UNUSED_FUNCTION = YES;
				GCC_WARN_UNUSED_VARIABLE = YES;
				IPHONEOS_DEPLOYMENT_TARGET = 9.3;
				MTL_ENABLE_DEBUG_INFO = YES;
				ONLY_ACTIVE_ARCH = YES;
				SDKROOT = iphoneos;
				SWIFT_OPTIMIZATION_LEVEL = "-Onone";
				TARGETED_DEVICE_FAMILY = "1,2";
			};
			name = Debug;
		};
		400523621CC7B94C00E6DDA3 /* Release */ = {
			isa = XCBuildConfiguration;
			buildSettings = {
				ALWAYS_SEARCH_USER_PATHS = NO;
				CLANG_ANALYZER_NONNULL = YES;
				CLANG_CXX_LANGUAGE_STANDARD = "gnu++0x";
				CLANG_CXX_LIBRARY = "libc++";
				CLANG_ENABLE_MODULES = YES;
				CLANG_ENABLE_OBJC_ARC = YES;
				CLANG_WARN_BOOL_CONVERSION = YES;
				CLANG_WARN_CONSTANT_CONVERSION = YES;
				CLANG_WARN_DIRECT_OBJC_ISA_USAGE = YES_ERROR;
				CLANG_WARN_EMPTY_BODY = YES;
				CLANG_WARN_ENUM_CONVERSION = YES;
				CLANG_WARN_INT_CONVERSION = YES;
				CLANG_WARN_OBJC_ROOT_CLASS = YES_ERROR;
				CLANG_WARN_UNREACHABLE_CODE = YES;
				CLANG_WARN__DUPLICATE_METHOD_MATCH = YES;
				"CODE_SIGN_IDENTITY[sdk=iphoneos*]" = "iPhone Developer";
				COPY_PHASE_STRIP = NO;
				DEBUG_INFORMATION_FORMAT = "dwarf-with-dsym";
				ENABLE_NS_ASSERTIONS = NO;
				ENABLE_STRICT_OBJC_MSGSEND = YES;
				GCC_C_LANGUAGE_STANDARD = gnu99;
				GCC_NO_COMMON_BLOCKS = YES;
				GCC_WARN_64_TO_32_BIT_CONVERSION = YES;
				GCC_WARN_ABOUT_RETURN_TYPE = YES_ERROR;
				GCC_WARN_UNDECLARED_SELECTOR = YES;
				GCC_WARN_UNINITIALIZED_AUTOS = YES_AGGRESSIVE;
				GCC_WARN_UNUSED_FUNCTION = YES;
				GCC_WARN_UNUSED_VARIABLE = YES;
				IPHONEOS_DEPLOYMENT_TARGET = 9.3;
				MTL_ENABLE_DEBUG_INFO = NO;
				SDKROOT = iphoneos;
				TARGETED_DEVICE_FAMILY = "1,2";
				VALIDATE_PRODUCT = YES;
			};
			name = Release;
		};
		400523641CC7B94C00E6DDA3 /* Debug */ = {
			isa = XCBuildConfiguration;
			buildSettings = {
				ASSETCATALOG_COMPILER_APPICON_NAME = AppIcon;
				CLANG_ENABLE_MODULES = YES;
				INFOPLIST_FILE = "$(SRCROOT)/Resources/Info.plist";
				IPHONEOS_DEPLOYMENT_TARGET = 8.0;
				LD_RUNPATH_SEARCH_PATHS = "$(inherited) @executable_path/Frameworks";
				PRODUCT_BUNDLE_IDENTIFIER = com.keithito.SimpleAnimationExample;
				PRODUCT_NAME = "$(TARGET_NAME)";
				SWIFT_OPTIMIZATION_LEVEL = "-Onone";
				SWIFT_SWIFT3_OBJC_INFERENCE = Default;
				SWIFT_VERSION = 4.0;
			};
			name = Debug;
		};
		400523651CC7B94C00E6DDA3 /* Release */ = {
			isa = XCBuildConfiguration;
			buildSettings = {
				ASSETCATALOG_COMPILER_APPICON_NAME = AppIcon;
				CLANG_ENABLE_MODULES = YES;
				INFOPLIST_FILE = "$(SRCROOT)/Resources/Info.plist";
				IPHONEOS_DEPLOYMENT_TARGET = 8.0;
				LD_RUNPATH_SEARCH_PATHS = "$(inherited) @executable_path/Frameworks";
				PRODUCT_BUNDLE_IDENTIFIER = com.keithito.SimpleAnimationExample;
				PRODUCT_NAME = "$(TARGET_NAME)";
				SWIFT_SWIFT3_OBJC_INFERENCE = Default;
				SWIFT_VERSION = 4.0;
			};
			name = Release;
		};
/* End XCBuildConfiguration section */

/* Begin XCConfigurationList section */
		4005234C1CC7B94C00E6DDA3 /* Build configuration list for PBXProject "Example" */ = {
			isa = XCConfigurationList;
			buildConfigurations = (
				400523611CC7B94C00E6DDA3 /* Debug */,
				400523621CC7B94C00E6DDA3 /* Release */,
			);
			defaultConfigurationIsVisible = 0;
			defaultConfigurationName = Release;
		};
		400523631CC7B94C00E6DDA3 /* Build configuration list for PBXNativeTarget "Example" */ = {
			isa = XCConfigurationList;
			buildConfigurations = (
				400523641CC7B94C00E6DDA3 /* Debug */,
				400523651CC7B94C00E6DDA3 /* Release */,
			);
			defaultConfigurationIsVisible = 0;
			defaultConfigurationName = Release;
		};
/* End XCConfigurationList section */
	};
	rootObject = 400523491CC7B94C00E6DDA3 /* Project object */;
}
